PODS:
  - CTMediator (25)
  - ElderCare_UserMediator (0.1.2):
    - CTMediator
  - ElderCare_UserModule (0.1.0):
    - JFJExtension
  - JFJExtension (1.0.5):
    - SnapKit
  - SnapKit (5.0.0)

DEPENDENCIES:
  - ElderCare_UserMediator
  - ElderCare_UserModule
  - JFJExtension

SPEC REPOS:
  https://github.com/cocoapods/specs.git:
    - CTMediator
    - JFJExtension
    - SnapKit
  https://github.com/skykywind/JiaSpecRepo.git:
    - ElderCare_UserMediator
    - ElderCare_UserModule

SPEC CHECKSUMS:
  CTMediator: 830c1fc204b3a6abf2a059510c7380f56343da0f
  ElderCare_UserMediator: 3df50a1fab05084ffdc541d28b999fd8f59f8fcf
  ElderCare_UserModule: 754ed5f16b2e0c45a157e21d4775f4e4b4cda628
  JFJExtension: 96d7a4448f45b9ea6f2fa398d43abaa97f8eccc7
  SnapKit: fd22d10eb9aff484d79a8724eab922c1ddf89bcf

PODFILE CHECKSUM: 7e9558eb81004dc3b33dea344c638e3c75ce07fd

COCOAPODS: 1.7.0.beta.2
